# This file is automatically @generated by Cargo.
# It is not intended for manual editing.
version = 4

[[package]]
name = "az-tools"
version = "0.1.0"
dependencies = [
 "azas",
 "azfs",
 "azld",
]

[[package]]
name = "azas"
version = "0.1.0"
dependencies = [
 "azld",
]

[[package]]
name = "azfs"
version = "0.1.0"

[[package]]
name = "azld"
version = "0.1.0"

[[package]]
name = "azsys"
version = "0.1.0"

[[package]]
name = "kernel"
version = "0.1.0"
dependencies = [
 "azas",
 "azfs",
 "azld",
 "azsys",
]
